
Microsoft Visual Studio Solution File, Format Version 12.00
# Visual Studio Version 16
VisualStudioVersion = 16.0.31605.320
MinimumVisualStudioVersion = 10.0.40219.1
Project("{9A19103F-16F7-4668-BE54-9A1E7A4F7556}") = "ReproducibleIssue", "ReproducibleIssue.csproj", "{075D8F2C-D3B6-4CC9-B3DC-4CF48AD4CB7F}"
EndProject
Global
	GlobalSection(SolutionConfigurationPlatforms) = preSolution
		Debug|Any CPU = Debug|Any CPU
		Release|Any CPU = Release|Any CPU
	EndGlobalSection
	GlobalSection(ProjectConfigurationPlatforms) = postSolution
		{075D8F2C-D3B6-4CC9-B3DC-4CF48AD4CB7F}.Debug|Any CPU.ActiveCfg = Debug|Any CPU
		{075D8F2C-D3B6-4CC9-B3DC-4CF48AD4CB7F}.Debug|Any CPU.Build.0 = Debug|Any CPU
		{075D8F2C-D3B6-4CC9-B3DC-4CF48AD4CB7F}.Release|Any CPU.ActiveCfg = Release|Any CPU
		{075D8F2C-D3B6-4CC9-B3DC-4CF48AD4CB7F}.Release|Any CPU.Build.0 = Release|Any CPU
	EndGlobalSection
	GlobalSection(SolutionProperties) = preSolution
		HideSolutionNode = FALSE
	EndGlobalSection
	GlobalSection(ExtensibilityGlobals) = postSolution
		SolutionGuid = {6025528C-ED64-4FAF-8B2B-A1699CFD62BB}
	EndGlobalSection
EndGlobal
